
Microsoft Visual Studio Solution File, Format Version 12.00
# Visual Studio Version 16
VisualStudioVersion = 16.0.31702.278
MinimumVisualStudioVersion = 10.0.40219.1
Project("{FAE04EC0-301F-11D3-BF4B-00C04F79EFBC}") = "Demo", "Demo\Demo.csproj", "{4006D6F2-FE43-44C2-8586-54D017255CBC}"
EndProject
Global
	GlobalSection(SolutionConfigurationPlatforms) = preSolution
		Debug|Any CPU = Debug|Any CPU
		Release|Any CPU = Release|Any CPU
	EndGlobalSection
	GlobalSection(ProjectConfigurationPlatforms) = postSolution
		{4006D6F2-FE43-44C2-8586-54D017255CBC}.Debug|Any CPU.ActiveCfg = Debug|Any CPU
		{4006D6F2-FE43-44C2-8586-54D017255CBC}.Debug|Any CPU.Build.0 = Debug|Any CPU
		{4006D6F2-FE43-44C2-8586-54D017255CBC}.Release|Any CPU.ActiveCfg = Release|Any CPU
		{4006D6F2-FE43-44C2-8586-54D017255CBC}.Release|Any CPU.Build.0 = Release|Any CPU
	EndGlobalSection
	GlobalSection(SolutionProperties) = preSolution
		HideSolutionNode = FALSE
	EndGlobalSection
	GlobalSection(ExtensibilityGlobals) = postSolution
		SolutionGuid = {EBE9AFBF-F50E-49AE-9A79-3765285889DA}
	EndGlobalSection
EndGlobal
